<?xml version="1.0" encoding="utf-8"?>
<Project ToolsVersion="12.0" xmlns="http://schemas.microsoft.com/developer/msbuild/2003">
  <ItemGroup>
    <Filter Include="src">
      <UniqueIdentifier>{2DAB880B-99B4-887C-2230-9F7C8E38947C}</UniqueIdentifier>
    </Filter>
  </ItemGroup>
  <ItemGroup>
    <ClInclude Include="..\src\gamepad.h">
      <Filter>src</Filter>
    </ClInclude>
    <ClInclude Include="..\src\gamepad_window.h">
      <Filter>src</Filter>
    </ClInclude>
    <ClInclude Include="..\src\gb_ini.h">
      <Filter>src</Filter>
    </ClInclude>
    <ClInclude Include="..\src\stb_image.h">
      <Filter>src</Filter>
    </ClInclude>
    <ClInclude Include="..\src\utest.h">
      <Filter>src</Filter>
    </ClInclude>
    <ClInclude Include="..\src\utils.h">
      <Filter>src</Filter>
    </ClInclude>
  </ItemGroup>
  <ItemGroup>
    <ClCompile Include="..\src\gamepad.c">
      <Filter>src</Filter>
    </ClCompile>
    <ClCompile Include="..\src\gamepad_window.c">
      <Filter>src</Filter>
    </ClCompile>
    <ClCompile Include="..\src\libs.c">
      <Filter>src</Filter>
    </ClCompile>
    <ClCompile Include="..\src\main.c">
      <Filter>src</Filter>
    </ClCompile>
    <ClCompile Include="..\src\utils.c">
      <Filter>src</Filter>
    </ClCompile>
  </ItemGroup>
</Project>
